
Microsoft Visual Studio Solution File, Format Version 12.00
# Visual Studio Version 17
VisualStudioVersion = 17.3.32825.248
MinimumVisualStudioVersion = 10.0.40219.1
Project("{FAE04EC0-301F-11D3-BF4B-00C04F79EFBC}") = "schedule-react", "schedule-react\schedule-react.csproj", "{CD915B97-DCC7-4B00-AB12-D51CAB3EB7D9}"
EndProject
Global
	GlobalSection(SolutionConfigurationPlatforms) = preSolution
		Debug|Any CPU = Debug|Any CPU
		Release|Any CPU = Release|Any CPU
	EndGlobalSection
	GlobalSection(ProjectConfigurationPlatforms) = postSolution
		{CD915B97-DCC7-4B00-AB12-D51CAB3EB7D9}.Debug|Any CPU.ActiveCfg = Debug|Any CPU
		{CD915B97-DCC7-4B00-AB12-D51CAB3EB7D9}.Debug|Any CPU.Build.0 = Debug|Any CPU
		{CD915B97-DCC7-4B00-AB12-D51CAB3EB7D9}.Release|Any CPU.ActiveCfg = Release|Any CPU
		{CD915B97-DCC7-4B00-AB12-D51CAB3EB7D9}.Release|Any CPU.Build.0 = Release|Any CPU
	EndGlobalSection
	GlobalSection(SolutionProperties) = preSolution
		HideSolutionNode = FALSE
	EndGlobalSection
	GlobalSection(ExtensibilityGlobals) = postSolution
		SolutionGuid = {A0FCA2D6-ACFF-4938-AAC8-E87979F4B475}
	EndGlobalSection
EndGlobal
